
Microsoft Visual Studio Solution File, Format Version 12.00
# Visual Studio Version 17
VisualStudioVersion = 17.4.33213.308
MinimumVisualStudioVersion = 10.0.40219.1
Project("{FAE04EC0-301F-11D3-BF4B-00C04F79EFBC}") = "DersModelYapisi", "DersModelYapisi\DersModelYapisi.csproj", "{9D353846-4679-4EEE-A1F7-0A180F104CAC}"
EndProject
Global
	GlobalSection(SolutionConfigurationPlatforms) = preSolution
		Debug|Any CPU = Debug|Any CPU
		Release|Any CPU = Release|Any CPU
	EndGlobalSection
	GlobalSection(ProjectConfigurationPlatforms) = postSolution
		{9D353846-4679-4EEE-A1F7-0A180F104CAC}.Debug|Any CPU.ActiveCfg = Debug|Any CPU
		{9D353846-4679-4EEE-A1F7-0A180F104CAC}.Debug|Any CPU.Build.0 = Debug|Any CPU
		{9D353846-4679-4EEE-A1F7-0A180F104CAC}.Release|Any CPU.ActiveCfg = Release|Any CPU
		{9D353846-4679-4EEE-A1F7-0A180F104CAC}.Release|Any CPU.Build.0 = Release|Any CPU
	EndGlobalSection
	GlobalSection(SolutionProperties) = preSolution
		HideSolutionNode = FALSE
	EndGlobalSection
	GlobalSection(ExtensibilityGlobals) = postSolution
		SolutionGuid = {B97626B8-E2F3-4186-91C1-4AA2D59FEF87}
	EndGlobalSection
EndGlobal
